
Microsoft Visual Studio Solution File, Format Version 12.00
Project("{FAE04EC0-301F-11D3-BF4B-00C04F79EFBC}") = "Laborator1", "Laborator1\Laborator1.csproj", "{B923B5D5-139D-4C1D-9F95-CD67BCCB809F}"
EndProject
Global
	GlobalSection(SolutionConfigurationPlatforms) = preSolution
		Debug|Any CPU = Debug|Any CPU
		Release|Any CPU = Release|Any CPU
	EndGlobalSection
	GlobalSection(ProjectConfigurationPlatforms) = postSolution
		{B923B5D5-139D-4C1D-9F95-CD67BCCB809F}.Debug|Any CPU.ActiveCfg = Debug|Any CPU
		{B923B5D5-139D-4C1D-9F95-CD67BCCB809F}.Debug|Any CPU.Build.0 = Debug|Any CPU
		{B923B5D5-139D-4C1D-9F95-CD67BCCB809F}.Release|Any CPU.ActiveCfg = Release|Any CPU
		{B923B5D5-139D-4C1D-9F95-CD67BCCB809F}.Release|Any CPU.Build.0 = Release|Any CPU
	EndGlobalSection
EndGlobal
