
Microsoft Visual Studio Solution File, Format Version 12.00
Project("{FAE04EC0-301F-11D3-BF4B-00C04F79EFBC}") = "Laborator2", "Laborator2\Laborator2.csproj", "{29B51FB8-5EA3-42A4-8E1D-8D989473613F}"
EndProject
Global
	GlobalSection(SolutionConfigurationPlatforms) = preSolution
		Debug|Any CPU = Debug|Any CPU
		Release|Any CPU = Release|Any CPU
	EndGlobalSection
	GlobalSection(ProjectConfigurationPlatforms) = postSolution
		{29B51FB8-5EA3-42A4-8E1D-8D989473613F}.Debug|Any CPU.ActiveCfg = Debug|Any CPU
		{29B51FB8-5EA3-42A4-8E1D-8D989473613F}.Debug|Any CPU.Build.0 = Debug|Any CPU
		{29B51FB8-5EA3-42A4-8E1D-8D989473613F}.Release|Any CPU.ActiveCfg = Release|Any CPU
		{29B51FB8-5EA3-42A4-8E1D-8D989473613F}.Release|Any CPU.Build.0 = Release|Any CPU
	EndGlobalSection
EndGlobal
