
Microsoft Visual Studio Solution File, Format Version 12.00
Project("{FAE04EC0-301F-11D3-BF4B-00C04F79EFBC}") = "CookieBoxingAndUnboxing", "CookieBoxingAndUnboxing\CookieBoxingAndUnboxing.csproj", "{05875D50-45D3-471D-848D-208EDEB427D6}"
EndProject
Project("{FAE04EC0-301F-11D3-BF4B-00C04F79EFBC}") = "ProductsPlacementArrays", "ProductsPlacementArrays\ProductsPlacementArrays.csproj", "{3D8B96C1-DCEB-43FE-957E-028FAD69F745}"
EndProject
Global
	GlobalSection(SolutionConfigurationPlatforms) = preSolution
		Debug|Any CPU = Debug|Any CPU
		Release|Any CPU = Release|Any CPU
	EndGlobalSection
	GlobalSection(ProjectConfigurationPlatforms) = postSolution
		{05875D50-45D3-471D-848D-208EDEB427D6}.Debug|Any CPU.ActiveCfg = Debug|Any CPU
		{05875D50-45D3-471D-848D-208EDEB427D6}.Debug|Any CPU.Build.0 = Debug|Any CPU
		{05875D50-45D3-471D-848D-208EDEB427D6}.Release|Any CPU.ActiveCfg = Release|Any CPU
		{05875D50-45D3-471D-848D-208EDEB427D6}.Release|Any CPU.Build.0 = Release|Any CPU
		{3D8B96C1-DCEB-43FE-957E-028FAD69F745}.Debug|Any CPU.ActiveCfg = Debug|Any CPU
		{3D8B96C1-DCEB-43FE-957E-028FAD69F745}.Debug|Any CPU.Build.0 = Debug|Any CPU
		{3D8B96C1-DCEB-43FE-957E-028FAD69F745}.Release|Any CPU.ActiveCfg = Release|Any CPU
		{3D8B96C1-DCEB-43FE-957E-028FAD69F745}.Release|Any CPU.Build.0 = Release|Any CPU
	EndGlobalSection
EndGlobal
