
Microsoft Visual Studio Solution File, Format Version 12.00
# Visual Studio Version 17
VisualStudioVersion = 17.9.34728.123
MinimumVisualStudioVersion = 10.0.40219.1
Project("{FAE04EC0-301F-11D3-BF4B-00C04F79EFBC}") = "PracticFructe", "PracticFructe\PracticFructe.csproj", "{23AA7CF1-A12E-464A-85A6-A7DF803C8777}"
EndProject
Global
	GlobalSection(SolutionConfigurationPlatforms) = preSolution
		Debug|Any CPU = Debug|Any CPU
		Release|Any CPU = Release|Any CPU
	EndGlobalSection
	GlobalSection(ProjectConfigurationPlatforms) = postSolution
		{23AA7CF1-A12E-464A-85A6-A7DF803C8777}.Debug|Any CPU.ActiveCfg = Debug|Any CPU
		{23AA7CF1-A12E-464A-85A6-A7DF803C8777}.Debug|Any CPU.Build.0 = Debug|Any CPU
		{23AA7CF1-A12E-464A-85A6-A7DF803C8777}.Release|Any CPU.ActiveCfg = Release|Any CPU
		{23AA7CF1-A12E-464A-85A6-A7DF803C8777}.Release|Any CPU.Build.0 = Release|Any CPU
	EndGlobalSection
	GlobalSection(SolutionProperties) = preSolution
		HideSolutionNode = FALSE
	EndGlobalSection
	GlobalSection(ExtensibilityGlobals) = postSolution
		SolutionGuid = {3CDF3B13-6571-4F86-97FC-874332BF7BC9}
	EndGlobalSection
EndGlobal
